{
  "requires": true,
  "lockfileVersion": 1,
  "dependencies": {
    "vuetify": {
      "version": "1.3.0",
      "resolved": "https://registry.npmjs.org/vuetify/-/vuetify-1.3.0.tgz",
      "integrity": "sha512-DVdvjk/0zzldW4EXtccFLYZiJU56fiZLjF5hkiQNk8e/620IBmaNi7xrkpeVM++5n1uwy84bgZCy5wNSeT3aSQ=="
    }
  }
}
